
Microsoft Visual Studio Solution File, Format Version 12.00
# Visual Studio Version 17
VisualStudioVersion = 17.4.33213.308
MinimumVisualStudioVersion = 10.0.40219.1
Project("{FAE04EC0-301F-11D3-BF4B-00C04F79EFBC}") = "EstaciondeServicio", "EstaciondeServicio\EstaciondeServicio.csproj", "{E45B40A4-54D0-4BAE-8305-949FB6197E9C}"
EndProject
Project("{FAE04EC0-301F-11D3-BF4B-00C04F79EFBC}") = "Datos", "Datos\Datos.csproj", "{9471C538-AA96-4826-A19A-1695CDB49043}"
EndProject
Project("{FAE04EC0-301F-11D3-BF4B-00C04F79EFBC}") = "Logica", "Logica\Logica.csproj", "{F327080F-94DA-4273-8863-187B04283FD0}"
EndProject
Global
	GlobalSection(SolutionConfigurationPlatforms) = preSolution
		Debug|Any CPU = Debug|Any CPU
		Release|Any CPU = Release|Any CPU
	EndGlobalSection
	GlobalSection(ProjectConfigurationPlatforms) = postSolution
		{E45B40A4-54D0-4BAE-8305-949FB6197E9C}.Debug|Any CPU.ActiveCfg = Debug|Any CPU
		{E45B40A4-54D0-4BAE-8305-949FB6197E9C}.Debug|Any CPU.Build.0 = Debug|Any CPU
		{E45B40A4-54D0-4BAE-8305-949FB6197E9C}.Release|Any CPU.ActiveCfg = Release|Any CPU
		{E45B40A4-54D0-4BAE-8305-949FB6197E9C}.Release|Any CPU.Build.0 = Release|Any CPU
		{9471C538-AA96-4826-A19A-1695CDB49043}.Debug|Any CPU.ActiveCfg = Debug|Any CPU
		{9471C538-AA96-4826-A19A-1695CDB49043}.Debug|Any CPU.Build.0 = Debug|Any CPU
		{9471C538-AA96-4826-A19A-1695CDB49043}.Release|Any CPU.ActiveCfg = Release|Any CPU
		{9471C538-AA96-4826-A19A-1695CDB49043}.Release|Any CPU.Build.0 = Release|Any CPU
		{F327080F-94DA-4273-8863-187B04283FD0}.Debug|Any CPU.ActiveCfg = Debug|Any CPU
		{F327080F-94DA-4273-8863-187B04283FD0}.Debug|Any CPU.Build.0 = Debug|Any CPU
		{F327080F-94DA-4273-8863-187B04283FD0}.Release|Any CPU.ActiveCfg = Release|Any CPU
		{F327080F-94DA-4273-8863-187B04283FD0}.Release|Any CPU.Build.0 = Release|Any CPU
	EndGlobalSection
	GlobalSection(SolutionProperties) = preSolution
		HideSolutionNode = FALSE
	EndGlobalSection
	GlobalSection(ExtensibilityGlobals) = postSolution
		SolutionGuid = {90147031-5D67-4170-809A-31E0B647D74A}
	EndGlobalSection
EndGlobal
